
Microsoft Visual Studio Solution File, Format Version 12.00
# Visual Studio 15
VisualStudioVersion = 15.0.27703.2047
MinimumVisualStudioVersion = 10.0.40219.1
Project("{FAE04EC0-301F-11D3-BF4B-00C04F79EFBC}") = "LifeTest", "LifeTest\LifeTest.csproj", "{ED5FAD44-CAFB-469A-9045-3AE74452EF89}"
EndProject
Project("{FAE04EC0-301F-11D3-BF4B-00C04F79EFBC}") = "Life", "Life\Life.csproj", "{B0D2D1F5-590C-42E5-944F-C48F65924344}"
EndProject
Project("{FAE04EC0-301F-11D3-BF4B-00C04F79EFBC}") = "ConsoleApp1", "ConsoleApp1\ConsoleApp1.csproj", "{C0E97AEA-CDDA-4D11-867C-26F6A10E9FB8}"
EndProject
Global
	GlobalSection(SolutionConfigurationPlatforms) = preSolution
		Debug|Any CPU = Debug|Any CPU
		Release|Any CPU = Release|Any CPU
	EndGlobalSection
	GlobalSection(ProjectConfigurationPlatforms) = postSolution
		{ED5FAD44-CAFB-469A-9045-3AE74452EF89}.Debug|Any CPU.ActiveCfg = Debug|Any CPU
		{ED5FAD44-CAFB-469A-9045-3AE74452EF89}.Debug|Any CPU.Build.0 = Debug|Any CPU
		{ED5FAD44-CAFB-469A-9045-3AE74452EF89}.Release|Any CPU.ActiveCfg = Release|Any CPU
		{ED5FAD44-CAFB-469A-9045-3AE74452EF89}.Release|Any CPU.Build.0 = Release|Any CPU
		{B0D2D1F5-590C-42E5-944F-C48F65924344}.Debug|Any CPU.ActiveCfg = Debug|Any CPU
		{B0D2D1F5-590C-42E5-944F-C48F65924344}.Debug|Any CPU.Build.0 = Debug|Any CPU
		{B0D2D1F5-590C-42E5-944F-C48F65924344}.Release|Any CPU.ActiveCfg = Release|Any CPU
		{B0D2D1F5-590C-42E5-944F-C48F65924344}.Release|Any CPU.Build.0 = Release|Any CPU
		{C0E97AEA-CDDA-4D11-867C-26F6A10E9FB8}.Debug|Any CPU.ActiveCfg = Debug|Any CPU
		{C0E97AEA-CDDA-4D11-867C-26F6A10E9FB8}.Debug|Any CPU.Build.0 = Debug|Any CPU
		{C0E97AEA-CDDA-4D11-867C-26F6A10E9FB8}.Release|Any CPU.ActiveCfg = Release|Any CPU
		{C0E97AEA-CDDA-4D11-867C-26F6A10E9FB8}.Release|Any CPU.Build.0 = Release|Any CPU
	EndGlobalSection
	GlobalSection(SolutionProperties) = preSolution
		HideSolutionNode = FALSE
	EndGlobalSection
	GlobalSection(ExtensibilityGlobals) = postSolution
		SolutionGuid = {E41BD711-F4B2-4F91-8353-F70C64526049}
	EndGlobalSection
EndGlobal
